
Microsoft Visual Studio Solution File, Format Version 12.00
# Visual Studio Version 16
VisualStudioVersion = 16.0.30907.101
MinimumVisualStudioVersion = 10.0.40219.1
Project("{FAE04EC0-301F-11D3-BF4B-00C04F79EFBC}") = "Compositie", "Compositie\Compositie.csproj", "{CC136722-08C7-46A3-89DA-EF007BD27D6A}"
EndProject
Global
	GlobalSection(SolutionConfigurationPlatforms) = preSolution
		Debug|Any CPU = Debug|Any CPU
		Release|Any CPU = Release|Any CPU
	EndGlobalSection
	GlobalSection(ProjectConfigurationPlatforms) = postSolution
		{CC136722-08C7-46A3-89DA-EF007BD27D6A}.Debug|Any CPU.ActiveCfg = Debug|Any CPU
		{CC136722-08C7-46A3-89DA-EF007BD27D6A}.Debug|Any CPU.Build.0 = Debug|Any CPU
		{CC136722-08C7-46A3-89DA-EF007BD27D6A}.Release|Any CPU.ActiveCfg = Release|Any CPU
		{CC136722-08C7-46A3-89DA-EF007BD27D6A}.Release|Any CPU.Build.0 = Release|Any CPU
	EndGlobalSection
	GlobalSection(SolutionProperties) = preSolution
		HideSolutionNode = FALSE
	EndGlobalSection
	GlobalSection(ExtensibilityGlobals) = postSolution
		SolutionGuid = {09966D24-E03A-43B2-911E-4C8E2E3361A3}
	EndGlobalSection
EndGlobal
