
Microsoft Visual Studio Solution File, Format Version 12.00
# Visual Studio Version 16
VisualStudioVersion = 16.0.30907.101
MinimumVisualStudioVersion = 10.0.40219.1
Project("{FAE04EC0-301F-11D3-BF4B-00C04F79EFBC}") = "ConsoleApp1", "ConsoleApp1\ConsoleApp1.csproj", "{1C6CB878-BE1F-4C4C-84CC-4C062D4B01B3}"
EndProject
Global
	GlobalSection(SolutionConfigurationPlatforms) = preSolution
		Debug|Any CPU = Debug|Any CPU
		Release|Any CPU = Release|Any CPU
	EndGlobalSection
	GlobalSection(ProjectConfigurationPlatforms) = postSolution
		{1C6CB878-BE1F-4C4C-84CC-4C062D4B01B3}.Debug|Any CPU.ActiveCfg = Debug|Any CPU
		{1C6CB878-BE1F-4C4C-84CC-4C062D4B01B3}.Debug|Any CPU.Build.0 = Debug|Any CPU
		{1C6CB878-BE1F-4C4C-84CC-4C062D4B01B3}.Release|Any CPU.ActiveCfg = Release|Any CPU
		{1C6CB878-BE1F-4C4C-84CC-4C062D4B01B3}.Release|Any CPU.Build.0 = Release|Any CPU
	EndGlobalSection
	GlobalSection(SolutionProperties) = preSolution
		HideSolutionNode = FALSE
	EndGlobalSection
	GlobalSection(ExtensibilityGlobals) = postSolution
		SolutionGuid = {09966D24-E03A-43B2-911E-4C8E2E3361A3}
	EndGlobalSection
EndGlobal
